
Microsoft Visual Studio Solution File, Format Version 12.00
# Visual Studio Version 17
VisualStudioVersion = 17.7.34009.444
MinimumVisualStudioVersion = 10.0.40219.1
Project("{FAE04EC0-301F-11D3-BF4B-00C04F79EFBC}") = "NetworkBoundariesGuard", "NetworkBoundariesGuard\NetworkBoundariesGuard.csproj", "{ED38D25D-DB83-4234-894A-9EB4ABE69D68}"
EndProject
Project("{FAE04EC0-301F-11D3-BF4B-00C04F79EFBC}") = "ILogger", "ILogger\ILogger.csproj", "{8EC60887-1E77-4360-AE1E-554767043AB1}"
EndProject
Project("{FAE04EC0-301F-11D3-BF4B-00C04F79EFBC}") = "NetworkTester", "NetworkTester\NetworkTester.csproj", "{48F14705-DC6B-409D-927E-B046FEE3D6EF}"
EndProject
Project("{FAE04EC0-301F-11D3-BF4B-00C04F79EFBC}") = "TcpIpLibrary", "TcpIpLibrary\TcpIpLibrary.csproj", "{F59AD60E-8BA0-435F-90E5-E38635707623}"
EndProject
Project("{FAE04EC0-301F-11D3-BF4B-00C04F79EFBC}") = "TcpIpWrapper", "TcpIpWrapper\TcpIpWrapper.csproj", "{54BC40DA-43A1-4D71-9A3B-83FF42AED750}"
EndProject
Project("{2150E333-8FDC-42A3-9474-1A3956D46DE8}") = "BasesForNetwork", "BasesForNetwork", "{C410C983-995E-4905-B078-3A4206D3436B}"
EndProject
Global
	GlobalSection(SolutionConfigurationPlatforms) = preSolution
		Debug|Any CPU = Debug|Any CPU
		Debug|x64 = Debug|x64
		Release|Any CPU = Release|Any CPU
		Release|x64 = Release|x64
	EndGlobalSection
	GlobalSection(ProjectConfigurationPlatforms) = postSolution
		{ED38D25D-DB83-4234-894A-9EB4ABE69D68}.Debug|Any CPU.ActiveCfg = Debug|Any CPU
		{ED38D25D-DB83-4234-894A-9EB4ABE69D68}.Debug|Any CPU.Build.0 = Debug|Any CPU
		{ED38D25D-DB83-4234-894A-9EB4ABE69D68}.Debug|x64.ActiveCfg = Debug|Any CPU
		{ED38D25D-DB83-4234-894A-9EB4ABE69D68}.Debug|x64.Build.0 = Debug|Any CPU
		{ED38D25D-DB83-4234-894A-9EB4ABE69D68}.Release|Any CPU.ActiveCfg = Release|Any CPU
		{ED38D25D-DB83-4234-894A-9EB4ABE69D68}.Release|Any CPU.Build.0 = Release|Any CPU
		{ED38D25D-DB83-4234-894A-9EB4ABE69D68}.Release|x64.ActiveCfg = Release|Any CPU
		{ED38D25D-DB83-4234-894A-9EB4ABE69D68}.Release|x64.Build.0 = Release|Any CPU
		{8EC60887-1E77-4360-AE1E-554767043AB1}.Debug|Any CPU.ActiveCfg = Debug|Any CPU
		{8EC60887-1E77-4360-AE1E-554767043AB1}.Debug|Any CPU.Build.0 = Debug|Any CPU
		{8EC60887-1E77-4360-AE1E-554767043AB1}.Debug|x64.ActiveCfg = Debug|Any CPU
		{8EC60887-1E77-4360-AE1E-554767043AB1}.Debug|x64.Build.0 = Debug|Any CPU
		{8EC60887-1E77-4360-AE1E-554767043AB1}.Release|Any CPU.ActiveCfg = Release|Any CPU
		{8EC60887-1E77-4360-AE1E-554767043AB1}.Release|Any CPU.Build.0 = Release|Any CPU
		{8EC60887-1E77-4360-AE1E-554767043AB1}.Release|x64.ActiveCfg = Release|Any CPU
		{8EC60887-1E77-4360-AE1E-554767043AB1}.Release|x64.Build.0 = Release|Any CPU
		{48F14705-DC6B-409D-927E-B046FEE3D6EF}.Debug|Any CPU.ActiveCfg = Debug|Any CPU
		{48F14705-DC6B-409D-927E-B046FEE3D6EF}.Debug|Any CPU.Build.0 = Debug|Any CPU
		{48F14705-DC6B-409D-927E-B046FEE3D6EF}.Debug|x64.ActiveCfg = Debug|Any CPU
		{48F14705-DC6B-409D-927E-B046FEE3D6EF}.Debug|x64.Build.0 = Debug|Any CPU
		{48F14705-DC6B-409D-927E-B046FEE3D6EF}.Release|Any CPU.ActiveCfg = Release|Any CPU
		{48F14705-DC6B-409D-927E-B046FEE3D6EF}.Release|Any CPU.Build.0 = Release|Any CPU
		{48F14705-DC6B-409D-927E-B046FEE3D6EF}.Release|x64.ActiveCfg = Release|Any CPU
		{48F14705-DC6B-409D-927E-B046FEE3D6EF}.Release|x64.Build.0 = Release|Any CPU
		{F59AD60E-8BA0-435F-90E5-E38635707623}.Debug|Any CPU.ActiveCfg = Debug|Any CPU
		{F59AD60E-8BA0-435F-90E5-E38635707623}.Debug|Any CPU.Build.0 = Debug|Any CPU
		{F59AD60E-8BA0-435F-90E5-E38635707623}.Debug|x64.ActiveCfg = Debug|x64
		{F59AD60E-8BA0-435F-90E5-E38635707623}.Debug|x64.Build.0 = Debug|x64
		{F59AD60E-8BA0-435F-90E5-E38635707623}.Release|Any CPU.ActiveCfg = Release|Any CPU
		{F59AD60E-8BA0-435F-90E5-E38635707623}.Release|Any CPU.Build.0 = Release|Any CPU
		{F59AD60E-8BA0-435F-90E5-E38635707623}.Release|x64.ActiveCfg = Release|x64
		{F59AD60E-8BA0-435F-90E5-E38635707623}.Release|x64.Build.0 = Release|x64
		{54BC40DA-43A1-4D71-9A3B-83FF42AED750}.Debug|Any CPU.ActiveCfg = Debug|Any CPU
		{54BC40DA-43A1-4D71-9A3B-83FF42AED750}.Debug|Any CPU.Build.0 = Debug|Any CPU
		{54BC40DA-43A1-4D71-9A3B-83FF42AED750}.Debug|x64.ActiveCfg = Debug|Any CPU
		{54BC40DA-43A1-4D71-9A3B-83FF42AED750}.Debug|x64.Build.0 = Debug|Any CPU
		{54BC40DA-43A1-4D71-9A3B-83FF42AED750}.Release|Any CPU.ActiveCfg = Release|Any CPU
		{54BC40DA-43A1-4D71-9A3B-83FF42AED750}.Release|Any CPU.Build.0 = Release|Any CPU
		{54BC40DA-43A1-4D71-9A3B-83FF42AED750}.Release|x64.ActiveCfg = Release|Any CPU
		{54BC40DA-43A1-4D71-9A3B-83FF42AED750}.Release|x64.Build.0 = Release|Any CPU
	EndGlobalSection
	GlobalSection(SolutionProperties) = preSolution
		HideSolutionNode = FALSE
	EndGlobalSection
	GlobalSection(NestedProjects) = preSolution
		{8EC60887-1E77-4360-AE1E-554767043AB1} = {C410C983-995E-4905-B078-3A4206D3436B}
		{F59AD60E-8BA0-435F-90E5-E38635707623} = {C410C983-995E-4905-B078-3A4206D3436B}
		{54BC40DA-43A1-4D71-9A3B-83FF42AED750} = {C410C983-995E-4905-B078-3A4206D3436B}
	EndGlobalSection
	GlobalSection(ExtensibilityGlobals) = postSolution
		SolutionGuid = {773A7D03-B7B6-4CA8-A7B1-AA9173D86870}
	EndGlobalSection
EndGlobal
